
Microsoft Visual Studio Solution File, Format Version 12.00
# Visual Studio Version 16
VisualStudioVersion = 16.0.31605.320
MinimumVisualStudioVersion = 10.0.40219.1
Project("{FAE04EC0-301F-11D3-BF4B-00C04F79EFBC}") = "Datatyper", "Datatyper\Datatyper.csproj", "{D274183D-E864-4B6B-A60F-D29654F6675F}"
EndProject
Global
	GlobalSection(SolutionConfigurationPlatforms) = preSolution
		Debug|Any CPU = Debug|Any CPU
		Release|Any CPU = Release|Any CPU
	EndGlobalSection
	GlobalSection(ProjectConfigurationPlatforms) = postSolution
		{D274183D-E864-4B6B-A60F-D29654F6675F}.Debug|Any CPU.ActiveCfg = Debug|Any CPU
		{D274183D-E864-4B6B-A60F-D29654F6675F}.Debug|Any CPU.Build.0 = Debug|Any CPU
		{D274183D-E864-4B6B-A60F-D29654F6675F}.Release|Any CPU.ActiveCfg = Release|Any CPU
		{D274183D-E864-4B6B-A60F-D29654F6675F}.Release|Any CPU.Build.0 = Release|Any CPU
	EndGlobalSection
	GlobalSection(SolutionProperties) = preSolution
		HideSolutionNode = FALSE
	EndGlobalSection
	GlobalSection(ExtensibilityGlobals) = postSolution
		SolutionGuid = {8AC94359-6F91-44EA-81A2-E4A500C5B3D8}
	EndGlobalSection
EndGlobal
